# This file is autogenerated, do not edit; changes may be undone by the next 'dep ensure'.


[[projects]]
  branch = "master"
  name = "github.com/Azure/go-ansiterm"
  packages = [".","winterm"]
  revision = "19f72df4d05d31cbe1c56bfc8045c96babff6c7e"

[[projects]]
  name = "github.com/Microsoft/go-winio"
  packages = ["."]
  revision = "f533f7a102197536779ea3a8cb881d639e21ec5a"
  version = "v0.4.2"

[[projects]]
  name = "github.com/Sirupsen/logrus"
  packages = ["."]
  revision = "202f25545ea4cf9b191ff7f846df5d87c9382c2b"
  version = "v1.0.0"

[[projects]]
  name = "github.com/docker/docker"
  packages = ["api/types","api/types/blkiodev","api/types/container","api/types/filters","api/types/mount","api/types/network","api/types/registry","api/types/strslice","api/types/swarm","api/types/versions","builder/dockerfile/command","builder/dockerfile/parser","opts","pkg/archive","pkg/fileutils","pkg/homedir","pkg/idtools","pkg/ioutils","pkg/jsonlog","pkg/jsonmessage","pkg/longpath","pkg/pools","pkg/promise","pkg/stdcopy","pkg/system","pkg/term","pkg/term/windows"]
  revision = "092cba3727bb9b4a2f0e922cd6c0f93ea270e363"
  version = "v1.13.1"

[[projects]]
  name = "github.com/docker/engine-api"
  packages = ["types","types/blkiodev","types/container","types/filters","types/network","types/registry","types/strslice","types/swarm","types/versions"]
  revision = "3d1601b9d2436a70b0dfc045a23f6503d19195df"
  version = "v0.4.0"

[[projects]]
  name = "github.com/docker/go-connections"
  packages = ["nat"]
  revision = "990a1a1a70b0da4c4cb70e117971a4f0babfbf1a"
  version = "v0.2.1"

[[projects]]
  name = "github.com/docker/go-units"
  packages = ["."]
  revision = "f2d77a61e3c169b43402a0a1e84f06daf29b8190"
  version = "v0.3.1"

[[projects]]
  branch = "master"
  name = "github.com/fsouza/go-dockerclient"
  packages = ["."]
  revision = "4bc6a18363f79b32c26f92e2e6d8bfd30d79a770"

[[projects]]
  branch = "master"
  name = "github.com/golang/glog"
  packages = ["."]
  revision = "23def4e6c14b4da8ac2ed8007337bc5eb5007998"
  source = "github.com/openshift/glog"

[[projects]]
  branch = "master"
  name = "github.com/hashicorp/go-cleanhttp"
  packages = ["."]
  revision = "3573b8b52aa7b37b9358d966a898feb387f62437"

[[projects]]
  name = "github.com/opencontainers/runc"
  packages = ["libcontainer/system","libcontainer/user"]
  revision = "baf6536d6259209c3edfa2b22237af82942d3dfa"
  version = "v0.1.1"

[[projects]]
  name = "github.com/sirupsen/logrus"
  packages = ["."]
  revision = "202f25545ea4cf9b191ff7f846df5d87c9382c2b"
  version = "v1.0.0"

[[projects]]
  branch = "master"
  name = "golang.org/x/net"
  packages = ["context","context/ctxhttp"]
  revision = "054b33e6527139ad5b1ec2f6232c3b175bd9a30c"

[[projects]]
  branch = "master"
  name = "golang.org/x/sys"
  packages = ["windows"]
  revision = "6faef541c73732f438fb660a212750a9ba9f9362"

[solve-meta]
  analyzer-name = "dep"
  analyzer-version = 1
  inputs-digest = "b78e727c81c47259540f2b527f42748bf98cfdf4781787743bc1065c4e4f9c21"
  solver-name = "gps-cdcl"
  solver-version = 1
